
Microsoft Visual Studio Solution File, Format Version 12.00
# Visual Studio 15
VisualStudioVersion = 15.0.27703.2000
MinimumVisualStudioVersion = 10.0.40219.1
Project("{FAE04EC0-301F-11D3-BF4B-00C04F79EFBC}") = "BattleCars", "BattleCars\BattleCars.csproj", "{1F845E58-AD54-44F6-977A-ED1AE2B4111D}"
EndProject
Global
	GlobalSection(SolutionConfigurationPlatforms) = preSolution
		Debug|Any CPU = Debug|Any CPU
		Release|Any CPU = Release|Any CPU
	EndGlobalSection
	GlobalSection(ProjectConfigurationPlatforms) = postSolution
		{1F845E58-AD54-44F6-977A-ED1AE2B4111D}.Debug|Any CPU.ActiveCfg = Debug|Any CPU
		{1F845E58-AD54-44F6-977A-ED1AE2B4111D}.Debug|Any CPU.Build.0 = Debug|Any CPU
		{1F845E58-AD54-44F6-977A-ED1AE2B4111D}.Release|Any CPU.ActiveCfg = Release|Any CPU
		{1F845E58-AD54-44F6-977A-ED1AE2B4111D}.Release|Any CPU.Build.0 = Release|Any CPU
	EndGlobalSection
	GlobalSection(SolutionProperties) = preSolution
		HideSolutionNode = FALSE
	EndGlobalSection
	GlobalSection(ExtensibilityGlobals) = postSolution
		SolutionGuid = {FFD36707-E1C1-4EFD-AF0D-DFCA46E959F7}
	EndGlobalSection
EndGlobal
